
Microsoft Visual Studio Solution File, Format Version 12.00
# Visual Studio 15
VisualStudioVersion = 15.0.26730.10
MinimumVisualStudioVersion = 10.0.40219.1
Project("{FAE04EC0-301F-11D3-BF4B-00C04F79EFBC}") = "HalloWPF", "HalloWPF\HalloWPF.csproj", "{B8DCBFE4-1AC5-4A9D-A496-3558D8396752}"
EndProject
Project("{FAE04EC0-301F-11D3-BF4B-00C04F79EFBC}") = "Task1_Layout_Container", "Task1_Layout_Container\Task1_Layout_Container.csproj", "{819D995B-5311-479C-AA93-90122CD6A364}"
EndProject
Project("{FAE04EC0-301F-11D3-BF4B-00C04F79EFBC}") = "Resources", "Resources\Resources.csproj", "{71A36F7E-74B1-4660-8509-DF6B8329E8B9}"
EndProject
Project("{FAE04EC0-301F-11D3-BF4B-00C04F79EFBC}") = "Resources.Shared", "Resources.Shared\Resources.Shared.csproj", "{0502BC8A-D8D8-4942-A0AC-4059E62955E8}"
EndProject
Project("{FAE04EC0-301F-11D3-BF4B-00C04F79EFBC}") = "Styles", "Styles\Styles.csproj", "{D1368EC9-A602-4172-94DE-C7AB271718F9}"
EndProject
Project("{FAE04EC0-301F-11D3-BF4B-00C04F79EFBC}") = "Templates", "Templates\Templates.csproj", "{121F08B0-A9A3-4ECF-BEDB-480010B22BF6}"
EndProject
Project("{FAE04EC0-301F-11D3-BF4B-00C04F79EFBC}") = "Bindings", "Bindings\Bindings.csproj", "{E3B31582-56CE-4969-A80B-1BB9AE3DF913}"
EndProject
Project("{FAE04EC0-301F-11D3-BF4B-00C04F79EFBC}") = "Binding_RelSourceSelf", "Binding_RelSourceSelf\Binding_RelSourceSelf.csproj", "{D82FD5C6-87EB-46DE-80EF-6926F34F19C6}"
EndProject
Project("{FAE04EC0-301F-11D3-BF4B-00C04F79EFBC}") = "Binding_RelSourceAncestor", "Binding_RelSourceAncestor\Binding_RelSourceAncestor.csproj", "{53742B4B-C490-4438-9D0E-10F3B05D4317}"
EndProject
Project("{FAE04EC0-301F-11D3-BF4B-00C04F79EFBC}") = "Binding_RelSourceTemplatedParent", "Binding_RelSourceTemplatedParent\Binding_RelSourceTemplatedParent.csproj", "{84B212A2-906A-47B1-BB1B-87597B615624}"
EndProject
Project("{FAE04EC0-301F-11D3-BF4B-00C04F79EFBC}") = "Binding_RelSourcePreviousData", "Binding_RelSourcePreviousData\Binding_RelSourcePreviousData.csproj", "{CDC09BBB-0E4F-4571-A3E1-CAA94EE9BEC8}"
EndProject
Project("{FAE04EC0-301F-11D3-BF4B-00C04F79EFBC}") = "ConvertersExample", "ConvertersExample\ConvertersExample.csproj", "{DFB1441F-5A77-43BA-910C-3591BEA5A63B}"
EndProject
Project("{FAE04EC0-301F-11D3-BF4B-00C04F79EFBC}") = "MultiConverters", "MultiConverters\MultiConverters.csproj", "{FCEDBE0C-72AB-44D3-9CE0-ED7A300035AF}"
EndProject
Project("{FAE04EC0-301F-11D3-BF4B-00C04F79EFBC}") = "Trigger_Property", "Trigger_Property\Trigger_Property.csproj", "{F4E9A117-D532-462D-9C90-D36EF6F7D03D}"
EndProject
Project("{FAE04EC0-301F-11D3-BF4B-00C04F79EFBC}") = "Trigger_Property2", "Trigger_Property2\Trigger_Property2.csproj", "{A76E7255-00EF-459A-AE84-E29E7CDAED57}"
EndProject
Project("{FAE04EC0-301F-11D3-BF4B-00C04F79EFBC}") = "Trigger_Data", "Trigger_Data\Trigger_Data.csproj", "{0EAFE13E-5E0D-48B5-8DA7-9658722B0401}"
EndProject
Project("{FAE04EC0-301F-11D3-BF4B-00C04F79EFBC}") = "Trigger_Event", "Trigger_Event\Trigger_Event.csproj", "{A885E667-095F-4FBF-A32D-36F73E4AED59}"
EndProject
Project("{FAE04EC0-301F-11D3-BF4B-00C04F79EFBC}") = "Task2_ResizeOnClick", "Taks2_ResizeOnClick\Task2_ResizeOnClick.csproj", "{4A19D054-3262-4339-BBD5-36350FC67F40}"
EndProject
Project("{FAE04EC0-301F-11D3-BF4B-00C04F79EFBC}") = "Properties_Dependency", "Properties_Dependency\Properties_Dependency.csproj", "{E60266E2-B9C7-4E37-B86E-689C874E2ED2}"
EndProject
Project("{FAE04EC0-301F-11D3-BF4B-00C04F79EFBC}") = "Validation", "Validation\Validation.csproj", "{ABEE40E7-6577-4108-9C22-899B8B7E7F00}"
EndProject
Project("{FAE04EC0-301F-11D3-BF4B-00C04F79EFBC}") = "Localization", "Localization\Localization.csproj", "{256123BF-D56C-44CC-987D-41A1EA13B197}"
EndProject
Project("{FAE04EC0-301F-11D3-BF4B-00C04F79EFBC}") = "HalloBlend", "HalloBlend\HalloBlend.csproj", "{82CBD0FD-611A-46A2-A829-BBA0661D0857}"
EndProject
Project("{FAE04EC0-301F-11D3-BF4B-00C04F79EFBC}") = "DelegateInPraxis", "DelegateExample_\DelegateInPraxis.csproj", "{61A4C228-8B32-48E3-8A2C-2D1C65A6C22F}"
EndProject
Project("{FAE04EC0-301F-11D3-BF4B-00C04F79EFBC}") = "HelloMVVM", "HelloMVVM\HelloMVVM.csproj", "{FD718280-4B33-4098-A018-A3907FE56673}"
EndProject
Project("{FAE04EC0-301F-11D3-BF4B-00C04F79EFBC}") = "DevExpress_QualitativeScaleComparer", "DevExpress_QualitativeScaleComparer\DevExpress_QualitativeScaleComparer.csproj", "{A251385C-CD34-481F-94B4-00862E2784BD}"
EndProject
Global
	GlobalSection(SolutionConfigurationPlatforms) = preSolution
		Debug|Any CPU = Debug|Any CPU
		Release|Any CPU = Release|Any CPU
	EndGlobalSection
	GlobalSection(ProjectConfigurationPlatforms) = postSolution
		{B8DCBFE4-1AC5-4A9D-A496-3558D8396752}.Debug|Any CPU.ActiveCfg = Debug|Any CPU
		{B8DCBFE4-1AC5-4A9D-A496-3558D8396752}.Debug|Any CPU.Build.0 = Debug|Any CPU
		{B8DCBFE4-1AC5-4A9D-A496-3558D8396752}.Release|Any CPU.ActiveCfg = Release|Any CPU
		{B8DCBFE4-1AC5-4A9D-A496-3558D8396752}.Release|Any CPU.Build.0 = Release|Any CPU
		{819D995B-5311-479C-AA93-90122CD6A364}.Debug|Any CPU.ActiveCfg = Debug|Any CPU
		{819D995B-5311-479C-AA93-90122CD6A364}.Debug|Any CPU.Build.0 = Debug|Any CPU
		{819D995B-5311-479C-AA93-90122CD6A364}.Release|Any CPU.ActiveCfg = Release|Any CPU
		{819D995B-5311-479C-AA93-90122CD6A364}.Release|Any CPU.Build.0 = Release|Any CPU
		{71A36F7E-74B1-4660-8509-DF6B8329E8B9}.Debug|Any CPU.ActiveCfg = Debug|Any CPU
		{71A36F7E-74B1-4660-8509-DF6B8329E8B9}.Debug|Any CPU.Build.0 = Debug|Any CPU
		{71A36F7E-74B1-4660-8509-DF6B8329E8B9}.Release|Any CPU.ActiveCfg = Release|Any CPU
		{71A36F7E-74B1-4660-8509-DF6B8329E8B9}.Release|Any CPU.Build.0 = Release|Any CPU
		{0502BC8A-D8D8-4942-A0AC-4059E62955E8}.Debug|Any CPU.ActiveCfg = Debug|Any CPU
		{0502BC8A-D8D8-4942-A0AC-4059E62955E8}.Debug|Any CPU.Build.0 = Debug|Any CPU
		{0502BC8A-D8D8-4942-A0AC-4059E62955E8}.Release|Any CPU.ActiveCfg = Release|Any CPU
		{0502BC8A-D8D8-4942-A0AC-4059E62955E8}.Release|Any CPU.Build.0 = Release|Any CPU
		{D1368EC9-A602-4172-94DE-C7AB271718F9}.Debug|Any CPU.ActiveCfg = Debug|Any CPU
		{D1368EC9-A602-4172-94DE-C7AB271718F9}.Debug|Any CPU.Build.0 = Debug|Any CPU
		{D1368EC9-A602-4172-94DE-C7AB271718F9}.Release|Any CPU.ActiveCfg = Release|Any CPU
		{D1368EC9-A602-4172-94DE-C7AB271718F9}.Release|Any CPU.Build.0 = Release|Any CPU
		{121F08B0-A9A3-4ECF-BEDB-480010B22BF6}.Debug|Any CPU.ActiveCfg = Debug|Any CPU
		{121F08B0-A9A3-4ECF-BEDB-480010B22BF6}.Debug|Any CPU.Build.0 = Debug|Any CPU
		{121F08B0-A9A3-4ECF-BEDB-480010B22BF6}.Release|Any CPU.ActiveCfg = Release|Any CPU
		{121F08B0-A9A3-4ECF-BEDB-480010B22BF6}.Release|Any CPU.Build.0 = Release|Any CPU
		{E3B31582-56CE-4969-A80B-1BB9AE3DF913}.Debug|Any CPU.ActiveCfg = Debug|Any CPU
		{E3B31582-56CE-4969-A80B-1BB9AE3DF913}.Debug|Any CPU.Build.0 = Debug|Any CPU
		{E3B31582-56CE-4969-A80B-1BB9AE3DF913}.Release|Any CPU.ActiveCfg = Release|Any CPU
		{E3B31582-56CE-4969-A80B-1BB9AE3DF913}.Release|Any CPU.Build.0 = Release|Any CPU
		{D82FD5C6-87EB-46DE-80EF-6926F34F19C6}.Debug|Any CPU.ActiveCfg = Debug|Any CPU
		{D82FD5C6-87EB-46DE-80EF-6926F34F19C6}.Debug|Any CPU.Build.0 = Debug|Any CPU
		{D82FD5C6-87EB-46DE-80EF-6926F34F19C6}.Release|Any CPU.ActiveCfg = Release|Any CPU
		{D82FD5C6-87EB-46DE-80EF-6926F34F19C6}.Release|Any CPU.Build.0 = Release|Any CPU
		{53742B4B-C490-4438-9D0E-10F3B05D4317}.Debug|Any CPU.ActiveCfg = Debug|Any CPU
		{53742B4B-C490-4438-9D0E-10F3B05D4317}.Debug|Any CPU.Build.0 = Debug|Any CPU
		{53742B4B-C490-4438-9D0E-10F3B05D4317}.Release|Any CPU.ActiveCfg = Release|Any CPU
		{53742B4B-C490-4438-9D0E-10F3B05D4317}.Release|Any CPU.Build.0 = Release|Any CPU
		{84B212A2-906A-47B1-BB1B-87597B615624}.Debug|Any CPU.ActiveCfg = Debug|Any CPU
		{84B212A2-906A-47B1-BB1B-87597B615624}.Debug|Any CPU.Build.0 = Debug|Any CPU
		{84B212A2-906A-47B1-BB1B-87597B615624}.Release|Any CPU.ActiveCfg = Release|Any CPU
		{84B212A2-906A-47B1-BB1B-87597B615624}.Release|Any CPU.Build.0 = Release|Any CPU
		{CDC09BBB-0E4F-4571-A3E1-CAA94EE9BEC8}.Debug|Any CPU.ActiveCfg = Debug|Any CPU
		{CDC09BBB-0E4F-4571-A3E1-CAA94EE9BEC8}.Debug|Any CPU.Build.0 = Debug|Any CPU
		{CDC09BBB-0E4F-4571-A3E1-CAA94EE9BEC8}.Release|Any CPU.ActiveCfg = Release|Any CPU
		{CDC09BBB-0E4F-4571-A3E1-CAA94EE9BEC8}.Release|Any CPU.Build.0 = Release|Any CPU
		{DFB1441F-5A77-43BA-910C-3591BEA5A63B}.Debug|Any CPU.ActiveCfg = Debug|Any CPU
		{DFB1441F-5A77-43BA-910C-3591BEA5A63B}.Debug|Any CPU.Build.0 = Debug|Any CPU
		{DFB1441F-5A77-43BA-910C-3591BEA5A63B}.Release|Any CPU.ActiveCfg = Release|Any CPU
		{DFB1441F-5A77-43BA-910C-3591BEA5A63B}.Release|Any CPU.Build.0 = Release|Any CPU
		{FCEDBE0C-72AB-44D3-9CE0-ED7A300035AF}.Debug|Any CPU.ActiveCfg = Debug|Any CPU
		{FCEDBE0C-72AB-44D3-9CE0-ED7A300035AF}.Debug|Any CPU.Build.0 = Debug|Any CPU
		{FCEDBE0C-72AB-44D3-9CE0-ED7A300035AF}.Release|Any CPU.ActiveCfg = Release|Any CPU
		{FCEDBE0C-72AB-44D3-9CE0-ED7A300035AF}.Release|Any CPU.Build.0 = Release|Any CPU
		{F4E9A117-D532-462D-9C90-D36EF6F7D03D}.Debug|Any CPU.ActiveCfg = Debug|Any CPU
		{F4E9A117-D532-462D-9C90-D36EF6F7D03D}.Debug|Any CPU.Build.0 = Debug|Any CPU
		{F4E9A117-D532-462D-9C90-D36EF6F7D03D}.Release|Any CPU.ActiveCfg = Release|Any CPU
		{F4E9A117-D532-462D-9C90-D36EF6F7D03D}.Release|Any CPU.Build.0 = Release|Any CPU
		{A76E7255-00EF-459A-AE84-E29E7CDAED57}.Debug|Any CPU.ActiveCfg = Debug|Any CPU
		{A76E7255-00EF-459A-AE84-E29E7CDAED57}.Debug|Any CPU.Build.0 = Debug|Any CPU
		{A76E7255-00EF-459A-AE84-E29E7CDAED57}.Release|Any CPU.ActiveCfg = Release|Any CPU
		{A76E7255-00EF-459A-AE84-E29E7CDAED57}.Release|Any CPU.Build.0 = Release|Any CPU
		{0EAFE13E-5E0D-48B5-8DA7-9658722B0401}.Debug|Any CPU.ActiveCfg = Debug|Any CPU
		{0EAFE13E-5E0D-48B5-8DA7-9658722B0401}.Debug|Any CPU.Build.0 = Debug|Any CPU
		{0EAFE13E-5E0D-48B5-8DA7-9658722B0401}.Release|Any CPU.ActiveCfg = Release|Any CPU
		{0EAFE13E-5E0D-48B5-8DA7-9658722B0401}.Release|Any CPU.Build.0 = Release|Any CPU
		{A885E667-095F-4FBF-A32D-36F73E4AED59}.Debug|Any CPU.ActiveCfg = Debug|Any CPU
		{A885E667-095F-4FBF-A32D-36F73E4AED59}.Debug|Any CPU.Build.0 = Debug|Any CPU
		{A885E667-095F-4FBF-A32D-36F73E4AED59}.Release|Any CPU.ActiveCfg = Release|Any CPU
		{A885E667-095F-4FBF-A32D-36F73E4AED59}.Release|Any CPU.Build.0 = Release|Any CPU
		{4A19D054-3262-4339-BBD5-36350FC67F40}.Debug|Any CPU.ActiveCfg = Debug|Any CPU
		{4A19D054-3262-4339-BBD5-36350FC67F40}.Debug|Any CPU.Build.0 = Debug|Any CPU
		{4A19D054-3262-4339-BBD5-36350FC67F40}.Release|Any CPU.ActiveCfg = Release|Any CPU
		{4A19D054-3262-4339-BBD5-36350FC67F40}.Release|Any CPU.Build.0 = Release|Any CPU
		{E60266E2-B9C7-4E37-B86E-689C874E2ED2}.Debug|Any CPU.ActiveCfg = Debug|Any CPU
		{E60266E2-B9C7-4E37-B86E-689C874E2ED2}.Debug|Any CPU.Build.0 = Debug|Any CPU
		{E60266E2-B9C7-4E37-B86E-689C874E2ED2}.Release|Any CPU.ActiveCfg = Release|Any CPU
		{E60266E2-B9C7-4E37-B86E-689C874E2ED2}.Release|Any CPU.Build.0 = Release|Any CPU
		{ABEE40E7-6577-4108-9C22-899B8B7E7F00}.Debug|Any CPU.ActiveCfg = Debug|Any CPU
		{ABEE40E7-6577-4108-9C22-899B8B7E7F00}.Debug|Any CPU.Build.0 = Debug|Any CPU
		{ABEE40E7-6577-4108-9C22-899B8B7E7F00}.Release|Any CPU.ActiveCfg = Release|Any CPU
		{ABEE40E7-6577-4108-9C22-899B8B7E7F00}.Release|Any CPU.Build.0 = Release|Any CPU
		{256123BF-D56C-44CC-987D-41A1EA13B197}.Debug|Any CPU.ActiveCfg = Debug|Any CPU
		{256123BF-D56C-44CC-987D-41A1EA13B197}.Debug|Any CPU.Build.0 = Debug|Any CPU
		{256123BF-D56C-44CC-987D-41A1EA13B197}.Release|Any CPU.ActiveCfg = Release|Any CPU
		{256123BF-D56C-44CC-987D-41A1EA13B197}.Release|Any CPU.Build.0 = Release|Any CPU
		{82CBD0FD-611A-46A2-A829-BBA0661D0857}.Debug|Any CPU.ActiveCfg = Debug|Any CPU
		{82CBD0FD-611A-46A2-A829-BBA0661D0857}.Debug|Any CPU.Build.0 = Debug|Any CPU
		{82CBD0FD-611A-46A2-A829-BBA0661D0857}.Release|Any CPU.ActiveCfg = Release|Any CPU
		{82CBD0FD-611A-46A2-A829-BBA0661D0857}.Release|Any CPU.Build.0 = Release|Any CPU
		{61A4C228-8B32-48E3-8A2C-2D1C65A6C22F}.Debug|Any CPU.ActiveCfg = Debug|Any CPU
		{61A4C228-8B32-48E3-8A2C-2D1C65A6C22F}.Debug|Any CPU.Build.0 = Debug|Any CPU
		{61A4C228-8B32-48E3-8A2C-2D1C65A6C22F}.Release|Any CPU.ActiveCfg = Release|Any CPU
		{61A4C228-8B32-48E3-8A2C-2D1C65A6C22F}.Release|Any CPU.Build.0 = Release|Any CPU
		{FD718280-4B33-4098-A018-A3907FE56673}.Debug|Any CPU.ActiveCfg = Debug|Any CPU
		{FD718280-4B33-4098-A018-A3907FE56673}.Debug|Any CPU.Build.0 = Debug|Any CPU
		{FD718280-4B33-4098-A018-A3907FE56673}.Release|Any CPU.ActiveCfg = Release|Any CPU
		{FD718280-4B33-4098-A018-A3907FE56673}.Release|Any CPU.Build.0 = Release|Any CPU
		{A251385C-CD34-481F-94B4-00862E2784BD}.Debug|Any CPU.ActiveCfg = Debug|Any CPU
		{A251385C-CD34-481F-94B4-00862E2784BD}.Debug|Any CPU.Build.0 = Debug|Any CPU
		{A251385C-CD34-481F-94B4-00862E2784BD}.Release|Any CPU.ActiveCfg = Release|Any CPU
		{A251385C-CD34-481F-94B4-00862E2784BD}.Release|Any CPU.Build.0 = Release|Any CPU
	EndGlobalSection
	GlobalSection(SolutionProperties) = preSolution
		HideSolutionNode = FALSE
	EndGlobalSection
	GlobalSection(ExtensibilityGlobals) = postSolution
		SolutionGuid = {A3CD3536-30C4-4DF1-9EED-787F6183A95C}
	EndGlobalSection
EndGlobal
